
Microsoft Visual Studio Solution File, Format Version 12.00
# Visual Studio Version 16
VisualStudioVersion = 16.0.30517.126
MinimumVisualStudioVersion = 10.0.40219.1
Project("{FAE04EC0-301F-11D3-BF4B-00C04F79EFBC}") = "ApplicationDevelopment", "ApplicationDevelopment\ApplicationDevelopment.csproj", "{92692AA1-7F05-47F3-9DB2-B66146C198D7}"
EndProject
Global
	GlobalSection(SolutionConfigurationPlatforms) = preSolution
		Debug|Any CPU = Debug|Any CPU
		Release|Any CPU = Release|Any CPU
	EndGlobalSection
	GlobalSection(ProjectConfigurationPlatforms) = postSolution
		{92692AA1-7F05-47F3-9DB2-B66146C198D7}.Debug|Any CPU.ActiveCfg = Debug|Any CPU
		{92692AA1-7F05-47F3-9DB2-B66146C198D7}.Debug|Any CPU.Build.0 = Debug|Any CPU
		{92692AA1-7F05-47F3-9DB2-B66146C198D7}.Release|Any CPU.ActiveCfg = Release|Any CPU
		{92692AA1-7F05-47F3-9DB2-B66146C198D7}.Release|Any CPU.Build.0 = Release|Any CPU
	EndGlobalSection
	GlobalSection(SolutionProperties) = preSolution
		HideSolutionNode = FALSE
	EndGlobalSection
	GlobalSection(ExtensibilityGlobals) = postSolution
		SolutionGuid = {AB1E0231-4B97-4152-9868-F9D66E25C792}
	EndGlobalSection
EndGlobal
